github.com/allegro/bigcache v1.1.0 h1:MLuIKTjdxDc+qsG2rhjsYjsHQC5LUGjIWzutg7M+W68=
github.com/allegro/bigcache v1.1.0/go.mod h1:Cb/ax3seSYIx7SuZdm2G2xzfwmv3TPSk2ucNfQESPXM=
github.com/aristanetworks/goarista v0.0.0-20181210134948-aa2a42e13be6 h1:vTaIvTf0VmBOcM4V3O5AkfLFmCSTWRwsSgnSr5cUXAw=
github.com/aristanetworks/goarista v0.0.0-20181210134948-aa2a42e13be6/go.mod h1:D/tb0zPVXnP7fmsLZjtdUhSsumbK/ij54UXjjVgMGxQ=
github.com/davecgh/go-spew v1.1.1 h1:vj9j/u1bqnvCEfJOwUhtlOARqs3+rkHYY13jYWTU97c=
github.com/davecgh/go-spew v1.1.1/go.mod h1:J7Y8YcW2NihsgmVo/mv3lAwl/skON4iLHjSsI+c5H38=
github.com/deckarep/golang-set v1.7.1 h1:SCQV0S6gTtp6itiFrTqI+pfmJ4LN85S1YzhDf9rTHJQ=
github.com/deckarep/golang-set v1.7.1/go.mod h1:93vsz/8Wt4joVM7c2AVqh+YRMiUSc14yDtF28KmMOgQ=
github.com/edsrzf/mmap-go v1.0.0 h1:CEBF7HpRnUCSJgGUb5h1Gm7e3VkmVDrR8lvWVLtrOFw=
github.com/edsrzf/mmap-go v1.0.0/go.mod h1:YO35OhQPt3KJa3ryjFM5Bs14WD66h8eGKpfaBNrHW5M=
github.com/ethereum/go-ethereum v1.8.20 h1:Sr6DLbdc7Fl2IMDC0sjF2wO1jTO5nALFC1SoQnyAQEk=
github.com/ethereum/go-ethereum v1.8.20/go.mod h1:PwpWDrCLZrV+tfrhqqF6kPknbISMHaJv9Ln3kPCZLwY=
github.com/go-stack/stack v1.8.0 h1:5SgMzNM5HxrEjV0ww2lTmX6E2Izsfxas4+YHWRs3Lsk=
github.com/go-stack/stack v1.8.0/go.mod h1:v0f6uXyyMGvRgIKkXu+yp6POWl0qKG85gN/melR3HDY=
github.com/golang/crypto v0.0.0-20190103213133-ff983b9c42bc h1:0dKPhw7OM6ON+Qy1LFPB/ftP/LfUeiVulrJeFBKLQXE=
github.com/golang/crypto v0.0.0-20190103213133-ff983b9c42bc/go.mod h1:uZvAcrsnNaCxlh1HorK5dUQHGmEKPh2H/Rl1kehswPo=
github.com/golang/mock v1.2.0 h1:28o5sBqPkBsMGnC6b4MvE2TzSr5/AT4c/1fLqVGIwlk=
github.com/golang/mock v1.2.0/go.mod h1:oTYuIxOrZwtPieC+H1uAHpcLFnEyAGVDL/k47Jfbm0A=
github.com/golang/net v0.0.0-20181217023233-e147a9138326 h1:7g4qTj8wy/UDhMKTajsQYaPmew6NZ4vUHjvI6hg3Vok=
github.com/golang/net v0.0.0-20181217023233-e147a9138326/go.mod h1:98y8FxUyMjTdJ5eOj/8vzuiVO14/dkJ98NYhEPG8QGY=
github.com/golang/snappy v0.0.0-20180518054509-2e65f85255db h1:woRePGFeVFfLKN/pOkfl+p/TAqKOfFu+7KPlMVpok/w=
github.com/golang/snappy v0.0.0-20180518054509-2e65f85255db/go.mod h1:/XxbfmMg8lxefKM7IXC3fBNl/7bRcc72aCRzEWrmP2Q=
github.com/golang/sys v0.0.0-20181221143128-b4a75ba826a6 h1:GBYnUbw3xCx+8M7vucFSdg9H09g7ELwpI8BdlAF/RQQ=
github.com/golang/sys v0.0.0-20181221143128-b4a75ba826a6/go.mod h1:5JyrLPvD/ZdaYkT7IqKhsP5xt7aLjA99KXRtk4EIYDk=
github.com/google/uuid v1.0.0 h1:b4Gk+7WdP/d3HZH8EJsZpvV7EtDOgaZLtnaNGIu1adA=
github.com/google/uuid v1.0.0/go.mod h1:TIyPZe4MgqvfeYDBFedMoGGpEw/LqOeaOT+nhxU+yHo=
github.com/hashicorp/golang-lru v0.5.0 h1:CL2msUPvZTLb5O648aiLNJw3hnBxN2+1Jq8rCOH9wdo=
github.com/hashicorp/golang-lru v0.5.0/go.mod h1:/m3WP610KZHVQ1SGc6re/UDhFvYD7pJ4Ao+sR/qLZy8=
github.com/huin/goupnp v1.0.0 h1:wg75sLpL6DZqwHQN6E1Cfk6mtfzS45z8OV+ic+DtHRo=
github.com/huin/goupnp v1.0.0/go.mod h1:n9v9KO1tAxYH82qOn+UTIFQDmx5n1Zxd/ClZDMX7Bnc=
github.com/huin/goutil v0.0.0-20170803182201-1ca381bf3150/go.mod h1:PpLOETDnJ0o3iZrZfqZzyLl6l7F3c6L1oWn7OICBi6o=
github.com/jackpal/go-nat-pmp v1.0.1 h1:i0LektDkO1QlrTm/cSuP+PyBCDnYvjPLGl4LdWEMiaA=
github.com/jackpal/go-nat-pmp v1.0.1/go.mod h1:QPH045xvCAeXUZOxsnwmrtiCoxIr9eob+4orBN1SBKc=
github.com/kr/pretty v0.1.0 h1:L/CwN0zerZDmRFUapSPitk6f+Q3+0za1rQkzVuMiMFI=
github.com/kr/pretty v0.1.0/go.mod h1:dAy3ld7l9f0ibDNOQOHHMYYIIbhfbHSm3C4ZsoJORNo=
github.com/kr/pty v1.1.1/go.mod h1:pFQYn66WHrOpPYNljwOMqo10TkYh1fy3cYio2l3bCsQ=
github.com/kr/text v0.1.0 h1:45sCR5RtlFHMR4UwH9sdQ5TC8v0qDQCHnXt+kaKSTVE=
github.com/kr/text v0.1.0/go.mod h1:4Jbv+DJW3UT/LiOwJeYQe1efqtUx/iVham/4vfdArNI=
github.com/pborman/uuid v1.2.0 h1:J7Q5mO4ysT1dv8hyrUGHb9+ooztCXu1D8MY8DZYsu3g=
github.com/pborman/uuid v1.2.0/go.mod h1:X/NO0urCmaxf9VXbdlT7C2Yzkj2IKimNn4k+gtPdI/k=
github.com/pmezard/go-difflib v1.0.0 h1:4DBwDE0NGyQoBHbLQYPwSUPoCMWR5BEzIk/f1lZbAQM=
github.com/pmezard/go-difflib v1.0.0/go.mod h1:iKH77koFhYxTK1pcRnkKkqfTogsbg7gZNVY4sRDYZ/4=
github.com/rs/cors v1.6.0 h1:G9tHG9lebljV9mfp9SNPDL36nCDxmo3zTlAf1YgvzmI=
github.com/rs/cors v1.6.0/go.mod h1:gFx+x8UowdsKA9AchylcLynDq+nNFfI8FkUZdN/jGCU=
github.com/stretchr/objx v0.1.1 h1:2vfRuCMp5sSVIDSqO8oNnWJq7mPa6KVP3iPIwFBuy8A=
github.com/stretchr/objx v0.1.1/go.mod h1:HFkY916IF+rwdDfMAkV7OtwuqBVzrE8GR6GFx+wExME=
github.com/stretchr/testify v1.2.2 h1:bSDNvY7ZPG5RlJ8otE/7V6gMiyenm9RtJ7IUVIAoJ1w=
github.com/stretchr/testify v1.2.2/go.mod h1:a8OnRcib4nhh0OaRAV+Yts87kKdq0PP7pXfy6kDkUVs=
github.com/syndtr/goleveldb v0.0.0-20181128100959-b001fa50d6b2 h1:GnOzE5fEFN3b2zDhJJABEofdb51uMRNb8eqIVtdducs=
github.com/syndtr/goleveldb v0.0.0-20181128100959-b001fa50d6b2/go.mod h1:Z4AUp2Km+PwemOoO/VB5AOx9XSsIItzFjoJlOSiYmn0=
github.com/tecbot/gorocksdb v0.0.0-20180907100951-214b6b7bc0f0 h1:EEAoIgdGCLu3zSryPb/VFHaIGxDlgku3BflSZAtvJD0=
github.com/tecbot/gorocksdb v0.0.0-20180907100951-214b6b7bc0f0/go.mod h1:ahpPrc7HpcfEWDQRZEmnXMzHY03mLDYMCxeDzy46i+8=
github.com/tecbot/gorocksdb v0.0.0-20181010114359-8752a9433481 h1:HOxvxvnntLiPn123Fk+twfUhCQdMDaqmb0cclArW0T0=
github.com/tecbot/gorocksdb v0.0.0-20181010114359-8752a9433481/go.mod h1:ahpPrc7HpcfEWDQRZEmnXMzHY03mLDYMCxeDzy46i+8=
golang.org/x/crypto v0.0.0-20190103213133-ff983b9c42bc h1:F5tKCVGp+MUAHhKp5MZtGqAlGX3+oCsiL1Q629FL90M=
golang.org/x/crypto v0.0.0-20190103213133-ff983b9c42bc/go.mod h1:6SG95UA2DQfeDnfUPMdvaQW0Q7yPrPDi9nlGo2tz2b4=
golang.org/x/net v0.0.0-20181011144130-49bb7cea24b1/go.mod h1:mL1N/T3taQHkDXs73rZJwtUhF3w3ftmwwsq0BUmARs4=
golang.org/x/net v0.0.0-20181217023233-e147a9138326 h1:iCzOf0xz39Tstp+Tu/WwyGjUXCk34QhQORRxBeXXTA4=
golang.org/x/net v0.0.0-20181217023233-e147a9138326/go.mod h1:mL1N/T3taQHkDXs73rZJwtUhF3w3ftmwwsq0BUmARs4=
golang.org/x/sys v0.0.0-20181221143128-b4a75ba826a6 h1:IcgEB62HYgAhX0Nd/QrVgZlxlcyxbGQHElLUhW2X4Fo=
golang.org/x/sys v0.0.0-20181221143128-b4a75ba826a6/go.mod h1:STP8DvDyc/dI5b8T5hshtkjS+E42TnysNCUPdjciGhY=
golang.org/x/text v0.3.0 h1:g61tztE5qeGQ89tm6NTjjM9VPIm088od1l6aSorWRWg=
golang.org/x/text v0.3.0/go.mod h1:NqM8EUOU14njkJ3fqMW+pc6Ldnwhi/IjpwHt7yyuwOQ=
gopkg.in/check.v1 v1.0.0-20180628173108-788fd7840127 h1:qIbj1fsPNlZgppZ+VLlY7N33q108Sa+fhmuc+sWQYwY=
gopkg.in/check.v1 v1.0.0-20180628173108-788fd7840127/go.mod h1:Co6ibVJAznAaIkqp8huTwlJQCZ016jof/cbN4VW5Yz0=
gopkg.in/natefinch/npipe.v2 v2.0.0-20160621034901-c1b8fa8bdcce h1:+JknDZhAj8YMt7GC73Ei8pv4MzjDUNPHgQWJdtMAaDU=
gopkg.in/natefinch/npipe.v2 v2.0.0-20160621034901-c1b8fa8bdcce/go.mod h1:5AcXVHNjg+BDxry382+8OKon8SEWiKktQR07RKPsv1c=
